
Microsoft Visual Studio Solution File, Format Version 12.00
# Visual Studio Version 16
VisualStudioVersion = 16.0.31729.503
MinimumVisualStudioVersion = 10.0.40219.1
Project("{9A19103F-16F7-4668-BE54-9A1E7A4F7556}") = "DataAccess", "DataAccess\DataAccess.csproj", "{6279A566-7FDE-4792-A1DD-FD76C16BC570}"
EndProject
Project("{9A19103F-16F7-4668-BE54-9A1E7A4F7556}") = "Entities", "Entities\Entities.csproj", "{AD93B5F6-3C36-4A60-A926-55D08DD2996B}"
EndProject
Project("{9A19103F-16F7-4668-BE54-9A1E7A4F7556}") = "Business", "Business\Business.csproj", "{9C153052-914D-42C3-BB70-F77693E35DCF}"
EndProject
Project("{9A19103F-16F7-4668-BE54-9A1E7A4F7556}") = "ConsoleUI", "ConsoleUI\ConsoleUI.csproj", "{2F409AE4-A96A-49A1-AF0F-A8929B74ABD5}"
EndProject
Project("{FAE04EC0-301F-11D3-BF4B-00C04F79EFBC}") = "Core", "Core\Core.csproj", "{10A1793F-A44B-4294-B33F-82BEDA46E050}"
EndProject
Global
	GlobalSection(SolutionConfigurationPlatforms) = preSolution
		Debug|Any CPU = Debug|Any CPU
		Release|Any CPU = Release|Any CPU
	EndGlobalSection
	GlobalSection(ProjectConfigurationPlatforms) = postSolution
		{6279A566-7FDE-4792-A1DD-FD76C16BC570}.Debug|Any CPU.ActiveCfg = Debug|Any CPU
		{6279A566-7FDE-4792-A1DD-FD76C16BC570}.Debug|Any CPU.Build.0 = Debug|Any CPU
		{6279A566-7FDE-4792-A1DD-FD76C16BC570}.Release|Any CPU.ActiveCfg = Release|Any CPU
		{6279A566-7FDE-4792-A1DD-FD76C16BC570}.Release|Any CPU.Build.0 = Release|Any CPU
		{AD93B5F6-3C36-4A60-A926-55D08DD2996B}.Debug|Any CPU.ActiveCfg = Debug|Any CPU
		{AD93B5F6-3C36-4A60-A926-55D08DD2996B}.Debug|Any CPU.Build.0 = Debug|Any CPU
		{AD93B5F6-3C36-4A60-A926-55D08DD2996B}.Release|Any CPU.ActiveCfg = Release|Any CPU
		{AD93B5F6-3C36-4A60-A926-55D08DD2996B}.Release|Any CPU.Build.0 = Release|Any CPU
		{9C153052-914D-42C3-BB70-F77693E35DCF}.Debug|Any CPU.ActiveCfg = Debug|Any CPU
		{9C153052-914D-42C3-BB70-F77693E35DCF}.Debug|Any CPU.Build.0 = Debug|Any CPU
		{9C153052-914D-42C3-BB70-F77693E35DCF}.Release|Any CPU.ActiveCfg = Release|Any CPU
		{9C153052-914D-42C3-BB70-F77693E35DCF}.Release|Any CPU.Build.0 = Release|Any CPU
		{2F409AE4-A96A-49A1-AF0F-A8929B74ABD5}.Debug|Any CPU.ActiveCfg = Debug|Any CPU
		{2F409AE4-A96A-49A1-AF0F-A8929B74ABD5}.Debug|Any CPU.Build.0 = Debug|Any CPU
		{2F409AE4-A96A-49A1-AF0F-A8929B74ABD5}.Release|Any CPU.ActiveCfg = Release|Any CPU
		{2F409AE4-A96A-49A1-AF0F-A8929B74ABD5}.Release|Any CPU.Build.0 = Release|Any CPU
		{10A1793F-A44B-4294-B33F-82BEDA46E050}.Debug|Any CPU.ActiveCfg = Debug|Any CPU
		{10A1793F-A44B-4294-B33F-82BEDA46E050}.Debug|Any CPU.Build.0 = Debug|Any CPU
		{10A1793F-A44B-4294-B33F-82BEDA46E050}.Release|Any CPU.ActiveCfg = Release|Any CPU
		{10A1793F-A44B-4294-B33F-82BEDA46E050}.Release|Any CPU.Build.0 = Release|Any CPU
	EndGlobalSection
	GlobalSection(SolutionProperties) = preSolution
		HideSolutionNode = FALSE
	EndGlobalSection
	GlobalSection(ExtensibilityGlobals) = postSolution
		SolutionGuid = {1139264A-8170-4B48-B190-E310BB4DD304}
	EndGlobalSection
EndGlobal
